
Microsoft Visual Studio Solution File, Format Version 12.00
# Visual Studio 15
VisualStudioVersion = 15.0.26124.0
MinimumVisualStudioVersion = 15.0.26124.0
Project("{2150E333-8FDC-42A3-9474-1A3956D46DE8}") = "src", "src", "{C3DA6AD7-1F5D-4E8A-BD21-84E461DE0F89}"
EndProject
Project("{FAE04EC0-301F-11D3-BF4B-00C04F79EFBC}") = "Flagscript.Piranha.Aws.S3Storage", "src\Flagscript.Piranha.Aws.S3Storage\Flagscript.Piranha.Aws.S3Storage.csproj", "{A617234B-110F-40ED-BED2-800C7F6284A6}"
EndProject
Project("{2150E333-8FDC-42A3-9474-1A3956D46DE8}") = "test", "test", "{C97E17C9-7EA0-4060-B111-B319FCD9E7FA}"
EndProject
Project("{FAE04EC0-301F-11D3-BF4B-00C04F79EFBC}") = "Flagscript.Piranha.Aws.S3Storage.Unit.Tests", "test\Flagscript.Piranha.Aws.S3Storage.Unit.Tests\Flagscript.Piranha.Aws.S3Storage.Unit.Tests.csproj", "{ECE1E30C-D5FD-4D97-A6D7-992937717DA0}"
EndProject
Project("{FAE04EC0-301F-11D3-BF4B-00C04F79EFBC}") = "Flagscript.Piranha.Aws.S3Storage.Integration.Tests", "test\Flagscript.Piranha.Aws.S3Storage.Integration.Tests\Flagscript.Piranha.Aws.S3Storage.Integration.Tests.csproj", "{4B38F1BC-B7EB-4CA1-AFFD-6B4F2F5CE48B}"
EndProject
Global
	GlobalSection(SolutionConfigurationPlatforms) = preSolution
		Debug|Any CPU = Debug|Any CPU
		Debug|x64 = Debug|x64
		Debug|x86 = Debug|x86
		Release|Any CPU = Release|Any CPU
		Release|x64 = Release|x64
		Release|x86 = Release|x86
	EndGlobalSection
	GlobalSection(SolutionProperties) = preSolution
		HideSolutionNode = FALSE
	EndGlobalSection
	GlobalSection(ProjectConfigurationPlatforms) = postSolution
		{A617234B-110F-40ED-BED2-800C7F6284A6}.Debug|Any CPU.ActiveCfg = Debug|Any CPU
		{A617234B-110F-40ED-BED2-800C7F6284A6}.Debug|Any CPU.Build.0 = Debug|Any CPU
		{A617234B-110F-40ED-BED2-800C7F6284A6}.Debug|x64.ActiveCfg = Debug|Any CPU
		{A617234B-110F-40ED-BED2-800C7F6284A6}.Debug|x64.Build.0 = Debug|Any CPU
		{A617234B-110F-40ED-BED2-800C7F6284A6}.Debug|x86.ActiveCfg = Debug|Any CPU
		{A617234B-110F-40ED-BED2-800C7F6284A6}.Debug|x86.Build.0 = Debug|Any CPU
		{A617234B-110F-40ED-BED2-800C7F6284A6}.Release|Any CPU.ActiveCfg = Release|Any CPU
		{A617234B-110F-40ED-BED2-800C7F6284A6}.Release|Any CPU.Build.0 = Release|Any CPU
		{A617234B-110F-40ED-BED2-800C7F6284A6}.Release|x64.ActiveCfg = Release|Any CPU
		{A617234B-110F-40ED-BED2-800C7F6284A6}.Release|x64.Build.0 = Release|Any CPU
		{A617234B-110F-40ED-BED2-800C7F6284A6}.Release|x86.ActiveCfg = Release|Any CPU
		{A617234B-110F-40ED-BED2-800C7F6284A6}.Release|x86.Build.0 = Release|Any CPU
		{ECE1E30C-D5FD-4D97-A6D7-992937717DA0}.Debug|Any CPU.ActiveCfg = Debug|Any CPU
		{ECE1E30C-D5FD-4D97-A6D7-992937717DA0}.Debug|Any CPU.Build.0 = Debug|Any CPU
		{ECE1E30C-D5FD-4D97-A6D7-992937717DA0}.Debug|x64.ActiveCfg = Debug|Any CPU
		{ECE1E30C-D5FD-4D97-A6D7-992937717DA0}.Debug|x64.Build.0 = Debug|Any CPU
		{ECE1E30C-D5FD-4D97-A6D7-992937717DA0}.Debug|x86.ActiveCfg = Debug|Any CPU
		{ECE1E30C-D5FD-4D97-A6D7-992937717DA0}.Debug|x86.Build.0 = Debug|Any CPU
		{ECE1E30C-D5FD-4D97-A6D7-992937717DA0}.Release|Any CPU.ActiveCfg = Release|Any CPU
		{ECE1E30C-D5FD-4D97-A6D7-992937717DA0}.Release|Any CPU.Build.0 = Release|Any CPU
		{ECE1E30C-D5FD-4D97-A6D7-992937717DA0}.Release|x64.ActiveCfg = Release|Any CPU
		{ECE1E30C-D5FD-4D97-A6D7-992937717DA0}.Release|x64.Build.0 = Release|Any CPU
		{ECE1E30C-D5FD-4D97-A6D7-992937717DA0}.Release|x86.ActiveCfg = Release|Any CPU
		{ECE1E30C-D5FD-4D97-A6D7-992937717DA0}.Release|x86.Build.0 = Release|Any CPU
		{4B38F1BC-B7EB-4CA1-AFFD-6B4F2F5CE48B}.Debug|Any CPU.ActiveCfg = Debug|Any CPU
		{4B38F1BC-B7EB-4CA1-AFFD-6B4F2F5CE48B}.Debug|Any CPU.Build.0 = Debug|Any CPU
		{4B38F1BC-B7EB-4CA1-AFFD-6B4F2F5CE48B}.Debug|x64.ActiveCfg = Debug|Any CPU
		{4B38F1BC-B7EB-4CA1-AFFD-6B4F2F5CE48B}.Debug|x64.Build.0 = Debug|Any CPU
		{4B38F1BC-B7EB-4CA1-AFFD-6B4F2F5CE48B}.Debug|x86.ActiveCfg = Debug|Any CPU
		{4B38F1BC-B7EB-4CA1-AFFD-6B4F2F5CE48B}.Debug|x86.Build.0 = Debug|Any CPU
		{4B38F1BC-B7EB-4CA1-AFFD-6B4F2F5CE48B}.Release|Any CPU.ActiveCfg = Release|Any CPU
		{4B38F1BC-B7EB-4CA1-AFFD-6B4F2F5CE48B}.Release|Any CPU.Build.0 = Release|Any CPU
		{4B38F1BC-B7EB-4CA1-AFFD-6B4F2F5CE48B}.Release|x64.ActiveCfg = Release|Any CPU
		{4B38F1BC-B7EB-4CA1-AFFD-6B4F2F5CE48B}.Release|x64.Build.0 = Release|Any CPU
		{4B38F1BC-B7EB-4CA1-AFFD-6B4F2F5CE48B}.Release|x86.ActiveCfg = Release|Any CPU
		{4B38F1BC-B7EB-4CA1-AFFD-6B4F2F5CE48B}.Release|x86.Build.0 = Release|Any CPU
	EndGlobalSection
	GlobalSection(NestedProjects) = preSolution
		{A617234B-110F-40ED-BED2-800C7F6284A6} = {C3DA6AD7-1F5D-4E8A-BD21-84E461DE0F89}
		{ECE1E30C-D5FD-4D97-A6D7-992937717DA0} = {C97E17C9-7EA0-4060-B111-B319FCD9E7FA}
		{4B38F1BC-B7EB-4CA1-AFFD-6B4F2F5CE48B} = {C97E17C9-7EA0-4060-B111-B319FCD9E7FA}
	EndGlobalSection
	GlobalSection(MonoDevelopProperties) = preSolution
		description = S3/Cloudfront Media Provider for Piranha CMS
		version = 0.1.0
	EndGlobalSection
EndGlobal
